
Microsoft Visual Studio Solution File, Format Version 12.00
# Visual Studio Version 17
VisualStudioVersion = 17.0.32126.317
MinimumVisualStudioVersion = 10.0.40219.1
Project("{FAE04EC0-301F-11D3-BF4B-00C04F79EFBC}") = "CoreData", "CoreData\CoreData.csproj", "{139D2C7D-45CD-47CE-9B0F-41963FE3EF83}"
EndProject
Project("{FAE04EC0-301F-11D3-BF4B-00C04F79EFBC}") = "MediaTracker", "MediaTracker\MediaTracker.csproj", "{0397CA57-E1D9-444D-A849-CECDFEB2ADDC}"
EndProject
Global
	GlobalSection(SolutionConfigurationPlatforms) = preSolution
		Debug|Any CPU = Debug|Any CPU
		Release|Any CPU = Release|Any CPU
	EndGlobalSection
	GlobalSection(ProjectConfigurationPlatforms) = postSolution
		{139D2C7D-45CD-47CE-9B0F-41963FE3EF83}.Debug|Any CPU.ActiveCfg = Debug|Any CPU
		{139D2C7D-45CD-47CE-9B0F-41963FE3EF83}.Debug|Any CPU.Build.0 = Debug|Any CPU
		{139D2C7D-45CD-47CE-9B0F-41963FE3EF83}.Release|Any CPU.ActiveCfg = Release|Any CPU
		{139D2C7D-45CD-47CE-9B0F-41963FE3EF83}.Release|Any CPU.Build.0 = Release|Any CPU
		{0397CA57-E1D9-444D-A849-CECDFEB2ADDC}.Debug|Any CPU.ActiveCfg = Debug|Any CPU
		{0397CA57-E1D9-444D-A849-CECDFEB2ADDC}.Debug|Any CPU.Build.0 = Debug|Any CPU
		{0397CA57-E1D9-444D-A849-CECDFEB2ADDC}.Release|Any CPU.ActiveCfg = Release|Any CPU
		{0397CA57-E1D9-444D-A849-CECDFEB2ADDC}.Release|Any CPU.Build.0 = Release|Any CPU
	EndGlobalSection
	GlobalSection(SolutionProperties) = preSolution
		HideSolutionNode = FALSE
	EndGlobalSection
	GlobalSection(ExtensibilityGlobals) = postSolution
		SolutionGuid = {2249AA08-CBE8-4596-9340-ABB0C23BAA2C}
	EndGlobalSection
EndGlobal
